
Microsoft Visual Studio Solution File, Format Version 12.00
Project("{FAE04EC0-301F-11D3-BF4B-00C04F79EFBC}") = "write_method", "write_method\write_method.csproj", "{E9CADE60-7B4E-4121-9860-BB4DFEF9D6EE}"
EndProject
Project("{FAE04EC0-301F-11D3-BF4B-00C04F79EFBC}") = "multi_var", "multi_var\multi_var.csproj", "{678A17C4-1A09-4C4E-86B9-DA3764007C69}"
EndProject
Project("{FAE04EC0-301F-11D3-BF4B-00C04F79EFBC}") = "string_slice", "string_slice\string_slice.csproj", "{5EEDD758-32EB-417E-AE91-ABEDDD0AEF47}"
EndProject
Project("{FAE04EC0-301F-11D3-BF4B-00C04F79EFBC}") = "charger", "charger\charger.csproj", "{0C363ECE-AA07-47DB-B663-4490C750940F}"
EndProject
Project("{FAE04EC0-301F-11D3-BF4B-00C04F79EFBC}") = "calc", "calc\calc.csproj", "{CBE63292-0F2F-4091-8656-FCBB3E97EC28}"
EndProject
Project("{FAE04EC0-301F-11D3-BF4B-00C04F79EFBC}") = "numberlen", "numberlen\numberlen.csproj", "{F6C66E12-AC61-4ED0-9737-EDBB9E0D43F7}"
EndProject
Project("{FAE04EC0-301F-11D3-BF4B-00C04F79EFBC}") = "numbersum", "numbersum\numbersum.csproj", "{E99A449C-092C-4C1D-8D71-1F4A7EB98B74}"
EndProject
Project("{FAE04EC0-301F-11D3-BF4B-00C04F79EFBC}") = "gussnumber", "gussnumber\gussnumber.csproj", "{716E5FBC-85B6-4AF4-A722-2A7E97535727}"
EndProject
Project("{FAE04EC0-301F-11D3-BF4B-00C04F79EFBC}") = "primechecker", "primechecker\primechecker.csproj", "{DBC05EA5-AB1C-4F53-99C9-18C867ED5C33}"
EndProject
Project("{FAE04EC0-301F-11D3-BF4B-00C04F79EFBC}") = "Checkodd", "Checkodd\Checkodd.csproj", "{C34A24D1-A1C4-4CD7-8036-FBB14E04AB72}"
EndProject
Project("{FAE04EC0-301F-11D3-BF4B-00C04F79EFBC}") = "cando_train", "cando_train\cando_train.csproj", "{DC5CB41B-02A9-4DA1-8D9E-1E4AFCEEF31B}"
EndProject
Project("{FAE04EC0-301F-11D3-BF4B-00C04F79EFBC}") = "fact", "fact\fact.csproj", "{3192DD67-9914-4B5A-8BB3-9C5513BAB786}"
EndProject
Project("{FAE04EC0-301F-11D3-BF4B-00C04F79EFBC}") = "fib", "fib\fib.csproj", "{9395C59D-A071-41F7-BBCA-2BEBE4EC934C}"
EndProject
Project("{FAE04EC0-301F-11D3-BF4B-00C04F79EFBC}") = "checkbigger", "checkbigger\checkbigger.csproj", "{0762FBB1-EF72-45C0-BAB7-EA68902A9882}"
EndProject
Project("{FAE04EC0-301F-11D3-BF4B-00C04F79EFBC}") = "calc_moadel", "calc_moadel\calc_moadel.csproj", "{4C7263BB-4133-46A9-B845-B24BD2678153}"
EndProject
Project("{FAE04EC0-301F-11D3-BF4B-00C04F79EFBC}") = "login_panel", "login_panel\login_panel.csproj", "{479D2C68-3224-4494-9FA9-C75433BD6EDA}"
EndProject
Global
	GlobalSection(SolutionConfigurationPlatforms) = preSolution
		Debug|Any CPU = Debug|Any CPU
		Release|Any CPU = Release|Any CPU
	EndGlobalSection
	GlobalSection(ProjectConfigurationPlatforms) = postSolution
		{E9CADE60-7B4E-4121-9860-BB4DFEF9D6EE}.Debug|Any CPU.ActiveCfg = Debug|Any CPU
		{E9CADE60-7B4E-4121-9860-BB4DFEF9D6EE}.Debug|Any CPU.Build.0 = Debug|Any CPU
		{E9CADE60-7B4E-4121-9860-BB4DFEF9D6EE}.Release|Any CPU.ActiveCfg = Release|Any CPU
		{E9CADE60-7B4E-4121-9860-BB4DFEF9D6EE}.Release|Any CPU.Build.0 = Release|Any CPU
		{678A17C4-1A09-4C4E-86B9-DA3764007C69}.Debug|Any CPU.ActiveCfg = Debug|Any CPU
		{678A17C4-1A09-4C4E-86B9-DA3764007C69}.Debug|Any CPU.Build.0 = Debug|Any CPU
		{678A17C4-1A09-4C4E-86B9-DA3764007C69}.Release|Any CPU.ActiveCfg = Release|Any CPU
		{678A17C4-1A09-4C4E-86B9-DA3764007C69}.Release|Any CPU.Build.0 = Release|Any CPU
		{5EEDD758-32EB-417E-AE91-ABEDDD0AEF47}.Debug|Any CPU.ActiveCfg = Debug|Any CPU
		{5EEDD758-32EB-417E-AE91-ABEDDD0AEF47}.Debug|Any CPU.Build.0 = Debug|Any CPU
		{5EEDD758-32EB-417E-AE91-ABEDDD0AEF47}.Release|Any CPU.ActiveCfg = Release|Any CPU
		{5EEDD758-32EB-417E-AE91-ABEDDD0AEF47}.Release|Any CPU.Build.0 = Release|Any CPU
		{0C363ECE-AA07-47DB-B663-4490C750940F}.Debug|Any CPU.ActiveCfg = Debug|Any CPU
		{0C363ECE-AA07-47DB-B663-4490C750940F}.Debug|Any CPU.Build.0 = Debug|Any CPU
		{0C363ECE-AA07-47DB-B663-4490C750940F}.Release|Any CPU.ActiveCfg = Release|Any CPU
		{0C363ECE-AA07-47DB-B663-4490C750940F}.Release|Any CPU.Build.0 = Release|Any CPU
		{CBE63292-0F2F-4091-8656-FCBB3E97EC28}.Debug|Any CPU.ActiveCfg = Debug|Any CPU
		{CBE63292-0F2F-4091-8656-FCBB3E97EC28}.Debug|Any CPU.Build.0 = Debug|Any CPU
		{CBE63292-0F2F-4091-8656-FCBB3E97EC28}.Release|Any CPU.ActiveCfg = Release|Any CPU
		{CBE63292-0F2F-4091-8656-FCBB3E97EC28}.Release|Any CPU.Build.0 = Release|Any CPU
		{F6C66E12-AC61-4ED0-9737-EDBB9E0D43F7}.Debug|Any CPU.ActiveCfg = Debug|Any CPU
		{F6C66E12-AC61-4ED0-9737-EDBB9E0D43F7}.Debug|Any CPU.Build.0 = Debug|Any CPU
		{F6C66E12-AC61-4ED0-9737-EDBB9E0D43F7}.Release|Any CPU.ActiveCfg = Release|Any CPU
		{F6C66E12-AC61-4ED0-9737-EDBB9E0D43F7}.Release|Any CPU.Build.0 = Release|Any CPU
		{E99A449C-092C-4C1D-8D71-1F4A7EB98B74}.Debug|Any CPU.ActiveCfg = Debug|Any CPU
		{E99A449C-092C-4C1D-8D71-1F4A7EB98B74}.Debug|Any CPU.Build.0 = Debug|Any CPU
		{E99A449C-092C-4C1D-8D71-1F4A7EB98B74}.Release|Any CPU.ActiveCfg = Release|Any CPU
		{E99A449C-092C-4C1D-8D71-1F4A7EB98B74}.Release|Any CPU.Build.0 = Release|Any CPU
		{716E5FBC-85B6-4AF4-A722-2A7E97535727}.Debug|Any CPU.ActiveCfg = Debug|Any CPU
		{716E5FBC-85B6-4AF4-A722-2A7E97535727}.Debug|Any CPU.Build.0 = Debug|Any CPU
		{716E5FBC-85B6-4AF4-A722-2A7E97535727}.Release|Any CPU.ActiveCfg = Release|Any CPU
		{716E5FBC-85B6-4AF4-A722-2A7E97535727}.Release|Any CPU.Build.0 = Release|Any CPU
		{DBC05EA5-AB1C-4F53-99C9-18C867ED5C33}.Debug|Any CPU.ActiveCfg = Debug|Any CPU
		{DBC05EA5-AB1C-4F53-99C9-18C867ED5C33}.Debug|Any CPU.Build.0 = Debug|Any CPU
		{DBC05EA5-AB1C-4F53-99C9-18C867ED5C33}.Release|Any CPU.ActiveCfg = Release|Any CPU
		{DBC05EA5-AB1C-4F53-99C9-18C867ED5C33}.Release|Any CPU.Build.0 = Release|Any CPU
		{C34A24D1-A1C4-4CD7-8036-FBB14E04AB72}.Debug|Any CPU.ActiveCfg = Debug|Any CPU
		{C34A24D1-A1C4-4CD7-8036-FBB14E04AB72}.Debug|Any CPU.Build.0 = Debug|Any CPU
		{C34A24D1-A1C4-4CD7-8036-FBB14E04AB72}.Release|Any CPU.ActiveCfg = Release|Any CPU
		{C34A24D1-A1C4-4CD7-8036-FBB14E04AB72}.Release|Any CPU.Build.0 = Release|Any CPU
		{DC5CB41B-02A9-4DA1-8D9E-1E4AFCEEF31B}.Debug|Any CPU.ActiveCfg = Debug|Any CPU
		{DC5CB41B-02A9-4DA1-8D9E-1E4AFCEEF31B}.Debug|Any CPU.Build.0 = Debug|Any CPU
		{DC5CB41B-02A9-4DA1-8D9E-1E4AFCEEF31B}.Release|Any CPU.ActiveCfg = Release|Any CPU
		{DC5CB41B-02A9-4DA1-8D9E-1E4AFCEEF31B}.Release|Any CPU.Build.0 = Release|Any CPU
		{3192DD67-9914-4B5A-8BB3-9C5513BAB786}.Debug|Any CPU.ActiveCfg = Debug|Any CPU
		{3192DD67-9914-4B5A-8BB3-9C5513BAB786}.Debug|Any CPU.Build.0 = Debug|Any CPU
		{3192DD67-9914-4B5A-8BB3-9C5513BAB786}.Release|Any CPU.ActiveCfg = Release|Any CPU
		{3192DD67-9914-4B5A-8BB3-9C5513BAB786}.Release|Any CPU.Build.0 = Release|Any CPU
		{9395C59D-A071-41F7-BBCA-2BEBE4EC934C}.Debug|Any CPU.ActiveCfg = Debug|Any CPU
		{9395C59D-A071-41F7-BBCA-2BEBE4EC934C}.Debug|Any CPU.Build.0 = Debug|Any CPU
		{9395C59D-A071-41F7-BBCA-2BEBE4EC934C}.Release|Any CPU.ActiveCfg = Release|Any CPU
		{9395C59D-A071-41F7-BBCA-2BEBE4EC934C}.Release|Any CPU.Build.0 = Release|Any CPU
		{0762FBB1-EF72-45C0-BAB7-EA68902A9882}.Debug|Any CPU.ActiveCfg = Debug|Any CPU
		{0762FBB1-EF72-45C0-BAB7-EA68902A9882}.Debug|Any CPU.Build.0 = Debug|Any CPU
		{0762FBB1-EF72-45C0-BAB7-EA68902A9882}.Release|Any CPU.ActiveCfg = Release|Any CPU
		{0762FBB1-EF72-45C0-BAB7-EA68902A9882}.Release|Any CPU.Build.0 = Release|Any CPU
		{4C7263BB-4133-46A9-B845-B24BD2678153}.Debug|Any CPU.ActiveCfg = Debug|Any CPU
		{4C7263BB-4133-46A9-B845-B24BD2678153}.Debug|Any CPU.Build.0 = Debug|Any CPU
		{4C7263BB-4133-46A9-B845-B24BD2678153}.Release|Any CPU.ActiveCfg = Release|Any CPU
		{4C7263BB-4133-46A9-B845-B24BD2678153}.Release|Any CPU.Build.0 = Release|Any CPU
		{479D2C68-3224-4494-9FA9-C75433BD6EDA}.Debug|Any CPU.ActiveCfg = Debug|Any CPU
		{479D2C68-3224-4494-9FA9-C75433BD6EDA}.Debug|Any CPU.Build.0 = Debug|Any CPU
		{479D2C68-3224-4494-9FA9-C75433BD6EDA}.Release|Any CPU.ActiveCfg = Release|Any CPU
		{479D2C68-3224-4494-9FA9-C75433BD6EDA}.Release|Any CPU.Build.0 = Release|Any CPU
	EndGlobalSection
EndGlobal
